Microsoft Visual Studio Solution File, Format Version 12.00
# Visual Studio Version 17
VisualStudioVersion = 17.0.31903.59
MinimumVisualStudioVersion = 10.0.40219.1
Project("{FAE04EC0-301F-11D3-BF4B-00C04F79EFBC}") = "Catalog.API", "src\Catalog.API\Catalog.API.csproj", "{9A5D3B14-33F8-4E01-A377-806D483A2351}"
EndProject
Project("{FAE04EC0-301F-11D3-BF4B-00C04F79EFBC}") = "Order.API", "src\Order.API\Order.API.csproj", "{57A72F8D-2F70-4C06-BAC6-E61F72EAFF22}"
EndProject
Project("{FAE04EC0-301F-11D3-BF4B-00C04F79EFBC}") = "Gateway.API", "src\Gateway.API\Gateway.API.csproj", "{C1D62098-3E45-4C77-9BC4-F7F8BC0D0A3B}"
EndProject
Project("{FAE04EC0-301F-11D3-BF4B-00C04F79EFBC}") = "Catalog.API.Tests", "tests\Catalog.API.Tests\Catalog.API.Tests.csproj", "{A54D7708-5858-4EA6-9AA6-F4F570A6E708}"
EndProject
Project("{FAE04EC0-301F-11D3-BF4B-00C04F79EFBC}") = "Order.API.Tests", "tests\Order.API.Tests\Order.API.Tests.csproj", "{EDDCBA8A-372E-435F-874D-A9DB601BBA73}"
EndProject
Global
	GlobalSection(SolutionConfigurationPlatforms) = preSolution
		Debug|Any CPU = Debug|Any CPU
		Release|Any CPU = Release|Any CPU
	EndGlobalSection
	GlobalSection(ProjectConfigurationPlatforms) = postSolution
		{9A5D3B14-33F8-4E01-A377-806D483A2351}.Debug|Any CPU.ActiveCfg = Debug|Any CPU
		{9A5D3B14-33F8-4E01-A377-806D483A2351}.Debug|Any CPU.Build.0 = Debug|Any CPU
		{9A5D3B14-33F8-4E01-A377-806D483A2351}.Release|Any CPU.ActiveCfg = Release|Any CPU
		{9A5D3B14-33F8-4E01-A377-806D483A2351}.Release|Any CPU.Build.0 = Release|Any CPU
		{57A72F8D-2F70-4C06-BAC6-E61F72EAFF22}.Debug|Any CPU.ActiveCfg = Debug|Any CPU
		{57A72F8D-2F70-4C06-BAC6-E61F72EAFF22}.Debug|Any CPU.Build.0 = Debug|Any CPU
		{57A72F8D-2F70-4C06-BAC6-E61F72EAFF22}.Release|Any CPU.ActiveCfg = Release|Any CPU
		{57A72F8D-2F70-4C06-BAC6-E61F72EAFF22}.Release|Any CPU.Build.0 = Release|Any CPU
		{C1D62098-3E45-4C77-9BC4-F7F8BC0D0A3B}.Debug|Any CPU.ActiveCfg = Debug|Any CPU
		{C1D62098-3E45-4C77-9BC4-F7F8BC0D0A3B}.Debug|Any CPU.Build.0 = Debug|Any CPU
		{C1D62098-3E45-4C77-9BC4-F7F8BC0D0A3B}.Release|Any CPU.ActiveCfg = Release|Any CPU
		{C1D62098-3E45-4C77-9BC4-F7F8BC0D0A3B}.Release|Any CPU.Build.0 = Release|Any CPU
		{A54D7708-5858-4EA6-9AA6-F4F570A6E708}.Debug|Any CPU.ActiveCfg = Debug|Any CPU
		{A54D7708-5858-4EA6-9AA6-F4F570A6E708}.Debug|Any CPU.Build.0 = Debug|Any CPU
		{A54D7708-5858-4EA6-9AA6-F4F570A6E708}.Release|Any CPU.ActiveCfg = Release|Any CPU
		{A54D7708-5858-4EA6-9AA6-F4F570A6E708}.Release|Any CPU.Build.0 = Release|Any CPU
		{EDDCBA8A-372E-435F-874D-A9DB601BBA73}.Debug|Any CPU.ActiveCfg = Debug|Any CPU
		{EDDCBA8A-372E-435F-874D-A9DB601BBA73}.Debug|Any CPU.Build.0 = Debug|Any CPU
		{EDDCBA8A-372E-435F-874D-A9DB601BBA73}.Release|Any CPU.ActiveCfg = Release|Any CPU
		{EDDCBA8A-372E-435F-874D-A9DB601BBA73}.Release|Any CPU.Build.0 = Release|Any CPU
	EndGlobalSection
EndGlobal
